#!/bin/bash

# Generate package-lock.json for the project
# This ensures reproducible builds

echo "Generating package-lock.json..."

# Remove existing node_modules and lock file
rm -rf node_modules package-lock.json

# Install dependencies and generate lock file
npm install

echo "✓ package-lock.json generated"
echo ""
echo "Please commit this file to your repository:"
echo "  git add package-lock.json"
echo "  git commit -m 'Add package-lock.json'"
echo "  git push"
